// !$*UTF8*$!
{
	archiveVersion = 1;
	classes = {
	};
	objectVersion = 55;
	objects = {

/* Begin PBXBuildFile section */
		FBBC4E4E28C1F3D10033AB6D /* AppDelegate.swift in Sources */ = {isa = PBXBuildFile; fileRef = FBBC4E4D28C1F3D10033AB6D /* AppDelegate.swift */; };
		FBBC4E5028C1F3D10033AB6D /* SceneDelegate.swift in Sources */ = {isa = PBXBuildFile; fileRef = FBBC4E4F28C1F3D10033AB6D /* SceneDelegate.swift */; };
		FBBC4E5228C1F3D10033AB6D /* SearchViewController.swift in Sources */ = {isa = PBXBuildFile; fileRef = FBBC4E5128C1F3D10033AB6D /* SearchViewController.swift */; };
		FBBC4E5528C1F3D10033AB6D /* Main.storyboard in Resources */ = {isa = PBXBuildFile; fileRef = FBBC4E5328C1F3D10033AB6D /* Main.storyboard */; };
		FBBC4E5728C1F3D20033AB6D /* Assets.xcassets in Resources */ = {isa = PBXBuildFile; fileRef = FBBC4E5628C1F3D20033AB6D /* Assets.xcassets */; };
		FBBC4E6228C21F620033AB6D /* SearchModel.swift in Sources */ = {isa = PBXBuildFile; fileRef = FBBC4E6128C21F620033AB6D /* SearchModel.swift */; };
		FBBC4E6528C228760033AB6D /* SearchResultCell.xib in Resources */ = {isa = PBXBuildFile; fileRef = FBBC4E6428C228760033AB6D /* SearchResultCell.xib */; };
		FBBC4E6728C23C9F0033AB6D /* SearchResultCell.swift in Sources */ = {isa = PBXBuildFile; fileRef = FBBC4E6628C23C9F0033AB6D /* SearchResultCell.swift */; };
		FBBC4E6F28C242720033AB6D /* NothingFoundCell.xib in Resources */ = {isa = PBXBuildFile; fileRef = FBBC4E6E28C242720033AB6D /* NothingFoundCell.xib */; };
		FBBC4E7528C3D5B00033AB6D /* LoadingCell.xib in Resources */ = {isa = PBXBuildFile; fileRef = FBBC4E7428C3D5B00033AB6D /* LoadingCell.xib */; };
		FBBC4E7828C507E00033AB6D /* Constants.swift in Sources */ = {isa = PBXBuildFile; fileRef = FBBC4E7728C507E00033AB6D /* Constants.swift */; };
		FBBC4E7D28C5467E0033AB6D /* UIImageView+Extension.swift in Sources */ = {isa = PBXBuildFile; fileRef = FBBC4E7C28C5467E0033AB6D /* UIImageView+Extension.swift */; };
		FBBC4E8128C7785B0033AB6D /* DetailViewController.swift in Sources */ = {isa = PBXBuildFile; fileRef = FBBC4E8028C7785B0033AB6D /* DetailViewController.swift */; };
		FBBC4E8328C77C5F0033AB6D /* DimmingPresentationController.swift in Sources */ = {isa = PBXBuildFile; fileRef = FBBC4E8228C77C5F0033AB6D /* DimmingPresentationController.swift */; };
		FBBC4E8528C7B6D10033AB6D /* GradientView.swift in Sources */ = {isa = PBXBuildFile; fileRef = FBBC4E8428C7B6D10033AB6D /* GradientView.swift */; };
		FBBC4E8728C7BC980033AB6D /* BounceAnimationController.swift in Sources */ = {isa = PBXBuildFile; fileRef = FBBC4E8628C7BC980033AB6D /* BounceAnimationController.swift */; };
		FBBC4E8928C7C0E40033AB6D /* SlideOutAnimationController.swift in Sources */ = {isa = PBXBuildFile; fileRef = FBBC4E8828C7C0E40033AB6D /* SlideOutAnimationController.swift */; };
		FBBC4E8B28CA87C30033AB6D /* LandscapeViewController.swift in Sources */ = {isa = PBXBuildFile; fileRef = FBBC4E8A28CA87C30033AB6D /* LandscapeViewController.swift */; };
		FBBC4E8D28CCBFF40033AB6D /* FadeOutAnimationController.swift in Sources */ = {isa = PBXBuildFile; fileRef = FBBC4E8C28CCBFF40033AB6D /* FadeOutAnimationController.swift */; };
/* End PBXBuildFile section */

/* Begin PBXFileReference section */
		FBBC4E4A28C1F3D10033AB6D /* iTunesStore.app */ = {isa = PBXFileReference; explicitFileType = wrapper.application; includeInIndex = 0; path = iTunesStore.app; sourceTree = BUILT_PRODUCTS_DIR; };
		FBBC4E4D28C1F3D10033AB6D /* AppDelegate.swift */ = {isa = PBXFileReference; lastKnownFileType = sourcecode.swift; path = AppDelegate.swift; sourceTree = "<group>"; };
		FBBC4E4F28C1F3D10033AB6D /* SceneDelegate.swift */ = {isa = PBXFileReference; lastKnownFileType = sourcecode.swift; path = SceneDelegate.swift; sourceTree = "<group>"; };
		FBBC4E5128C1F3D10033AB6D /* SearchViewController.swift */ = {isa = PBXFileReference; lastKnownFileType = sourcecode.swift; path = SearchViewController.swift; sourceTree = "<group>"; };
		FBBC4E5428C1F3D10033AB6D /* Base */ = {isa = PBXFileReference; lastKnownFileType = file.storyboard; name = Base; path = Base.lproj/Main.storyboard; sourceTree = "<group>"; };
		FBBC4E5628C1F3D20033AB6D /* Assets.xcassets */ = {isa = PBXFileReference; lastKnownFileType = folder.assetcatalog; path = Assets.xcassets; sourceTree = "<group>"; };
		FBBC4E5B28C1F3D20033AB6D /* Info.plist */ = {isa = PBXFileReference; lastKnownFileType = text.plist.xml; path = Info.plist; sourceTree = "<group>"; };
		FBBC4E6128C21F620033AB6D /* SearchModel.swift */ = {isa = PBXFileReference; lastKnownFileType = sourcecode.swift; path = SearchModel.swift; sourceTree = "<group>"; };
		FBBC4E6428C228760033AB6D /* SearchResultCell.xib */ = {isa = PBXFileReference; lastKnownFileType = file.xib; path = SearchResultCell.xib; sourceTree = "<group>"; };
		FBBC4E6628C23C9F0033AB6D /* SearchResultCell.swift */ = {isa = PBXFileReference; lastKnownFileType = sourcecode.swift; path = SearchResultCell.swift; sourceTree = "<group>"; };
		FBBC4E6E28C242720033AB6D /* NothingFoundCell.xib */ = {isa = PBXFileReference; lastKnownFileType = file.xib; path = NothingFoundCell.xib; sourceTree = "<group>"; };
		FBBC4E7428C3D5B00033AB6D /* LoadingCell.xib */ = {isa = PBXFileReference; lastKnownFileType = file.xib; path = LoadingCell.xib; sourceTree = "<group>"; };
		FBBC4E7728C507E00033AB6D /* Constants.swift */ = {isa = PBXFileReference; lastKnownFileType = sourcecode.swift; path = Constants.swift; sourceTree = "<group>"; };
		FBBC4E7C28C5467E0033AB6D /* UIImageView+Extension.swift */ = {isa = PBXFileReference; lastKnownFileType = sourcecode.swift; path = "UIImageView+Extension.swift"; sourceTree = "<group>"; };
		FBBC4E8028C7785B0033AB6D /* DetailViewController.swift */ = {isa = PBXFileReference; lastKnownFileType = sourcecode.swift; path = DetailViewController.swift; sourceTree = "<group>"; };
		FBBC4E8228C77C5F0033AB6D /* DimmingPresentationController.swift */ = {isa = PBXFileReference; lastKnownFileType = sourcecode.swift; path = DimmingPresentationController.swift; sourceTree = "<group>"; };
		FBBC4E8428C7B6D10033AB6D /* GradientView.swift */ = {isa = PBXFileReference; lastKnownFileType = sourcecode.swift; path = GradientView.swift; sourceTree = "<group>"; };
		FBBC4E8628C7BC980033AB6D /* BounceAnimationController.swift */ = {isa = PBXFileReference; lastKnownFileType = sourcecode.swift; path = BounceAnimationController.swift; sourceTree = "<group>"; };
		FBBC4E8828C7C0E40033AB6D /* SlideOutAnimationController.swift */ = {isa = PBXFileReference; lastKnownFileType = sourcecode.swift; path = SlideOutAnimationController.swift; sourceTree = "<group>"; };
		FBBC4E8A28CA87C30033AB6D /* LandscapeViewController.swift */ = {isa = PBXFileReference; lastKnownFileType = sourcecode.swift; path = LandscapeViewController.swift; sourceTree = "<group>"; };
		FBBC4E8C28CCBFF40033AB6D /* FadeOutAnimationController.swift */ = {isa = PBXFileReference; lastKnownFileType = sourcecode.swift; path = FadeOutAnimationController.swift; sourceTree = "<group>"; };
/* End PBXFileReference section */

/* Begin PBXFrameworksBuildPhase section */
		FBBC4E4728C1F3D10033AB6D /* Frameworks */ = {
			isa = PBXFrameworksBuildPhase;
			buildActionMask = 2147483647;
			files = (
			);
			runOnlyForDeploymentPostprocessing = 0;
		};
/* End PBXFrameworksBuildPhase section */

/* Begin PBXGroup section */
		FBBC4E4128C1F3D10033AB6D = {
			isa = PBXGroup;
			children = (
				FBBC4E4C28C1F3D10033AB6D /* iTunesStore */,
				FBBC4E4B28C1F3D10033AB6D /* Products */,
			);
			sourceTree = "<group>";
		};
		FBBC4E4B28C1F3D10033AB6D /* Products */ = {
			isa = PBXGroup;
			children = (
				FBBC4E4A28C1F3D10033AB6D /* iTunesStore.app */,
			);
			name = Products;
			sourceTree = "<group>";
		};
		FBBC4E4C28C1F3D10033AB6D /* iTunesStore */ = {
			isa = PBXGroup;
			children = (
				FBBC4E5628C1F3D20033AB6D /* Assets.xcassets */,
				FBBC4E5B28C1F3D20033AB6D /* Info.plist */,
				FBBC4E6328C21F6A0033AB6D /* Supporting Files */,
				FBBC4E7B28C5460C0033AB6D /* Helpers */,
				FBBC4E6A28C23D6C0033AB6D /* Models */,
				FBBC4E6B28C23D730033AB6D /* Controllers */,
				FBBC4E6828C23D180033AB6D /* Views */,
			);
			path = iTunesStore;
			sourceTree = "<group>";
		};
		FBBC4E6328C21F6A0033AB6D /* Supporting Files */ = {
			isa = PBXGroup;
			children = (
				FBBC4E4D28C1F3D10033AB6D /* AppDelegate.swift */,
				FBBC4E4F28C1F3D10033AB6D /* SceneDelegate.swift */,
			);
			path = "Supporting Files";
			sourceTree = "<group>";
		};
		FBBC4E6828C23D180033AB6D /* Views */ = {
			isa = PBXGroup;
			children = (
				FBBC4E5328C1F3D10033AB6D /* Main.storyboard */,
				FBBC4E6928C23D240033AB6D /* Cells */,
			);
			path = Views;
			sourceTree = "<group>";
		};
		FBBC4E6928C23D240033AB6D /* Cells */ = {
			isa = PBXGroup;
			children = (
				FBBC4E7628C3D5B80033AB6D /* ActivityIndicator */,
				FBBC4E6D28C242600033AB6D /* SearchResultCell */,
				FBBC4E7028C242770033AB6D /* NothingFoundCell */,
			);
			path = Cells;
			sourceTree = "<group>";
		};
		FBBC4E6A28C23D6C0033AB6D /* Models */ = {
			isa = PBXGroup;
			children = (
				FBBC4E6128C21F620033AB6D /* SearchModel.swift */,
			);
			path = Models;
			sourceTree = "<group>";
		};
		FBBC4E6B28C23D730033AB6D /* Controllers */ = {
			isa = PBXGroup;
			children = (
				FBBC4E8E28CCC0590033AB6D /* AnimationControllers */,
				FBBC4E5128C1F3D10033AB6D /* SearchViewController.swift */,
				FBBC4E8028C7785B0033AB6D /* DetailViewController.swift */,
				FBBC4E8A28CA87C30033AB6D /* LandscapeViewController.swift */,
			);
			path = Controllers;
			sourceTree = "<group>";
		};
		FBBC4E6D28C242600033AB6D /* SearchResultCell */ = {
			isa = PBXGroup;
			children = (
				FBBC4E6628C23C9F0033AB6D /* SearchResultCell.swift */,
				FBBC4E6428C228760033AB6D /* SearchResultCell.xib */,
			);
			path = SearchResultCell;
			sourceTree = "<group>";
		};
		FBBC4E7028C242770033AB6D /* NothingFoundCell */ = {
			isa = PBXGroup;
			children = (
				FBBC4E6E28C242720033AB6D /* NothingFoundCell.xib */,
			);
			path = NothingFoundCell;
			sourceTree = "<group>";
		};
		FBBC4E7628C3D5B80033AB6D /* ActivityIndicator */ = {
			isa = PBXGroup;
			children = (
				FBBC4E7428C3D5B00033AB6D /* LoadingCell.xib */,
			);
			path = ActivityIndicator;
			sourceTree = "<group>";
		};
		FBBC4E7B28C5460C0033AB6D /* Helpers */ = {
			isa = PBXGroup;
			children = (
				FBBC4E7C28C5467E0033AB6D /* UIImageView+Extension.swift */,
				FBBC4E7728C507E00033AB6D /* Constants.swift */,
				FBBC4E8428C7B6D10033AB6D /* GradientView.swift */,
				FBBC4E8228C77C5F0033AB6D /* DimmingPresentationController.swift */,
			);
			path = Helpers;
			sourceTree = "<group>";
		};
		FBBC4E8E28CCC0590033AB6D /* AnimationControllers */ = {
			isa = PBXGroup;
			children = (
				FBBC4E8628C7BC980033AB6D /* BounceAnimationController.swift */,
				FBBC4E8828C7C0E40033AB6D /* SlideOutAnimationController.swift */,
				FBBC4E8C28CCBFF40033AB6D /* FadeOutAnimationController.swift */,
			);
			path = AnimationControllers;
			sourceTree = "<group>";
		};
/* End PBXGroup section */

/* Begin PBXNativeTarget section */
		FBBC4E4928C1F3D10033AB6D /* iTunesStore */ = {
			isa = PBXNativeTarget;
			buildConfigurationList = FBBC4E5E28C1F3D20033AB6D /* Build configuration list for PBXNativeTarget "iTunesStore" */;
			buildPhases = (
				FBBC4E4628C1F3D10033AB6D /* Sources */,
				FBBC4E4728C1F3D10033AB6D /* Frameworks */,
				FBBC4E4828C1F3D10033AB6D /* Resources */,
			);
			buildRules = (
			);
			dependencies = (
			);
			name = iTunesStore;
			productName = iTunesStore;
			productReference = FBBC4E4A28C1F3D10033AB6D /* iTunesStore.app */;
			productType = "com.apple.product-type.application";
		};
/* End PBXNativeTarget section */

/* Begin PBXProject section */
		FBBC4E4228C1F3D10033AB6D /* Project object */ = {
			isa = PBXProject;
			attributes = {
				BuildIndependentTargetsInParallel = 1;
				LastSwiftUpdateCheck = 1340;
				LastUpgradeCheck = 1340;
				TargetAttributes = {
					FBBC4E4928C1F3D10033AB6D = {
						CreatedOnToolsVersion = 13.4.1;
					};
				};
			};
			buildConfigurationList = FBBC4E4528C1F3D10033AB6D /* Build configuration list for PBXProject "iTunesStore" */;
			compatibilityVersion = "Xcode 13.0";
			developmentRegion = en;
			hasScannedForEncodings = 0;
			knownRegions = (
				en,
				Base,
			);
			mainGroup = FBBC4E4128C1F3D10033AB6D;
			productRefGroup = FBBC4E4B28C1F3D10033AB6D /* Products */;
			projectDirPath = "";
			projectRoot = "";
			targets = (
				FBBC4E4928C1F3D10033AB6D /* iTunesStore */,
			);
		};
/* End PBXProject section */

/* Begin PBXResourcesBuildPhase section */
		FBBC4E4828C1F3D10033AB6D /* Resources */ = {
			isa = PBXResourcesBuildPhase;
			buildActionMask = 2147483647;
			files = (
				FBBC4E5728C1F3D20033AB6D /* Assets.xcassets in Resources */,
				FBBC4E7528C3D5B00033AB6D /* LoadingCell.xib in Resources */,
				FBBC4E6528C228760033AB6D /* SearchResultCell.xib in Resources */,
				FBBC4E6F28C242720033AB6D /* NothingFoundCell.xib in Resources */,
				FBBC4E5528C1F3D10033AB6D /* Main.storyboard in Resources */,
			);
			runOnlyForDeploymentPostprocessing = 0;
		};
/* End PBXResourcesBuildPhase section */

/* Begin PBXSourcesBuildPhase section */
		FBBC4E4628C1F3D10033AB6D /* Sources */ = {
			isa = PBXSourcesBuildPhase;
			buildActionMask = 2147483647;
			files = (
				FBBC4E8128C7785B0033AB6D /* DetailViewController.swift in Sources */,
				FBBC4E8328C77C5F0033AB6D /* DimmingPresentationController.swift in Sources */,
				FBBC4E8D28CCBFF40033AB6D /* FadeOutAnimationController.swift in Sources */,
				FBBC4E8528C7B6D10033AB6D /* GradientView.swift in Sources */,
				FBBC4E5228C1F3D10033AB6D /* SearchViewController.swift in Sources */,
				FBBC4E4E28C1F3D10033AB6D /* AppDelegate.swift in Sources */,
				FBBC4E7D28C5467E0033AB6D /* UIImageView+Extension.swift in Sources */,
				FBBC4E5028C1F3D10033AB6D /* SceneDelegate.swift in Sources */,
				FBBC4E6228C21F620033AB6D /* SearchModel.swift in Sources */,
				FBBC4E6728C23C9F0033AB6D /* SearchResultCell.swift in Sources */,
				FBBC4E8B28CA87C30033AB6D /* LandscapeViewController.swift in Sources */,
				FBBC4E7828C507E00033AB6D /* Constants.swift in Sources */,
				FBBC4E8728C7BC980033AB6D /* BounceAnimationController.swift in Sources */,
				FBBC4E8928C7C0E40033AB6D /* SlideOutAnimationController.swift in Sources */,
			);
			runOnlyForDeploymentPostprocessing = 0;
		};
/* End PBXSourcesBuildPhase section */

/* Begin PBXVariantGroup section */
		FBBC4E5328C1F3D10033AB6D /* Main.storyboard */ = {
			isa = PBXVariantGroup;
			children = (
				FBBC4E5428C1F3D10033AB6D /* Base */,
			);
			name = Main.storyboard;
			sourceTree = "<group>";
		};
/* End PBXVariantGroup section */

/* Begin XCBuildConfiguration section */
		FBBC4E5C28C1F3D20033AB6D /* Debug */ = {
			isa = XCBuildConfiguration;
			buildSettings = {
				ALWAYS_SEARCH_USER_PATHS = NO;
				CLANG_ANALYZER_NONNULL = YES;
				CLANG_ANALYZER_NUMBER_OBJECT_CONVERSION = YES_AGGRESSIVE;
				CLANG_CXX_LANGUAGE_STANDARD = "gnu++17";
				CLANG_ENABLE_MODULES = YES;
				CLANG_ENABLE_OBJC_ARC = YES;
				CLANG_ENABLE_OBJC_WEAK = YES;
				CLANG_WARN_BLOCK_CAPTURE_AUTORELEASING = YES;
				CLANG_WARN_BOOL_CONVERSION = YES;
				CLANG_WARN_COMMA = YES;
				CLANG_WARN_CONSTANT_CONVERSION = YES;
				CLANG_WARN_DEPRECATED_OBJC_IMPLEMENTATIONS = YES;
				CLANG_WARN_DIRECT_OBJC_ISA_USAGE = YES_ERROR;
				CLANG_WARN_DOCUMENTATION_COMMENTS = YES;
				CLANG_WARN_EMPTY_BODY = YES;
				CLANG_WARN_ENUM_CONVERSION = YES;
				CLANG_WARN_INFINITE_RECURSION = YES;
				CLANG_WARN_INT_CONVERSION = YES;
				CLANG_WARN_NON_LITERAL_NULL_CONVERSION = YES;
				CLANG_WARN_OBJC_IMPLICIT_RETAIN_SELF = YES;
				CLANG_WARN_OBJC_LITERAL_CONVERSION = YES;
				CLANG_WARN_OBJC_ROOT_CLASS = YES_ERROR;
				CLANG_WARN_QUOTED_INCLUDE_IN_FRAMEWORK_HEADER = YES;
				CLANG_WARN_RANGE_LOOP_ANALYSIS = YES;
				CLANG_WARN_STRICT_PROTOTYPES = YES;
				CLANG_WARN_SUSPICIOUS_MOVE = YES;
				CLANG_WARN_UNGUARDED_AVAILABILITY = YES_AGGRESSIVE;
				CLANG_WARN_UNREACHABLE_CODE = YES;
				CLANG_WARN__DUPLICATE_METHOD_MATCH = YES;
				COPY_PHASE_STRIP = NO;
				DEBUG_INFORMATION_FORMAT = dwarf;
				ENABLE_STRICT_OBJC_MSGSEND = YES;
				ENABLE_TESTABILITY = YES;
				GCC_C_LANGUAGE_STANDARD = gnu11;
				GCC_DYNAMIC_NO_PIC = NO;
				GCC_NO_COMMON_BLOCKS = YES;
				GCC_OPTIMIZATION_LEVEL = 0;
				GCC_PREPROCESSOR_DEFINITIONS = (
					"DEBUG=1",
					"$(inherited)",
				);
				GCC_WARN_64_TO_32_BIT_CONVERSION = YES;
				GCC_WARN_ABOUT_RETURN_TYPE = YES_ERROR;
				GCC_WARN_UNDECLARED_SELECTOR = YES;
				GCC_WARN_UNINITIALIZED_AUTOS = YES_AGGRESSIVE;
				GCC_WARN_UNUSED_FUNCTION = YES;
				GCC_WARN_UNUSED_VARIABLE = YES;
				IPHONEOS_DEPLOYMENT_TARGET = 15.0;
				MTL_ENABLE_DEBUG_INFO = INCLUDE_SOURCE;
				MTL_FAST_MATH = YES;
				ONLY_ACTIVE_ARCH = YES;
				SDKROOT = iphoneos;
				SWIFT_ACTIVE_COMPILATION_CONDITIONS = DEBUG;
				SWIFT_OPTIMIZATION_LEVEL = "-Onone";
			};
			name = Debug;
		};
		FBBC4E5D28C1F3D20033AB6D /* Release */ = {
			isa = XCBuildConfiguration;
			buildSettings = {
				ALWAYS_SEARCH_USER_PATHS = NO;
				CLANG_ANALYZER_NONNULL = YES;
				CLANG_ANALYZER_NUMBER_OBJECT_CONVERSION = YES_AGGRESSIVE;
				CLANG_CXX_LANGUAGE_STANDARD = "gnu++17";
				CLANG_ENABLE_MODULES = YES;
				CLANG_ENABLE_OBJC_ARC = YES;
				CLANG_ENABLE_OBJC_WEAK = YES;
				CLANG_WARN_BLOCK_CAPTURE_AUTORELEASING = YES;
				CLANG_WARN_BOOL_CONVERSION = YES;
				CLANG_WARN_COMMA = YES;
				CLANG_WARN_CONSTANT_CONVERSION = YES;
				CLANG_WARN_DEPRECATED_OBJC_IMPLEMENTATIONS = YES;
				CLANG_WARN_DIRECT_OBJC_ISA_USAGE = YES_ERROR;
				CLANG_WARN_DOCUMENTATION_COMMENTS = YES;
				CLANG_WARN_EMPTY_BODY = YES;
				CLANG_WARN_ENUM_CONVERSION = YES;
				CLANG_WARN_INFINITE_RECURSION = YES;
				CLANG_WARN_INT_CONVERSION = YES;
				CLANG_WARN_NON_LITERAL_NULL_CONVERSION = YES;
				CLANG_WARN_OBJC_IMPLICIT_RETAIN_SELF = YES;
				CLANG_WARN_OBJC_LITERAL_CONVERSION = YES;
				CLANG_WARN_OBJC_ROOT_CLASS = YES_ERROR;
				CLANG_WARN_QUOTED_INCLUDE_IN_FRAMEWORK_HEADER = YES;
				CLANG_WARN_RANGE_LOOP_ANALYSIS = YES;
				CLANG_WARN_STRICT_PROTOTYPES = YES;
				CLANG_WARN_SUSPICIOUS_MOVE = YES;
				CLANG_WARN_UNGUARDED_AVAILABILITY = YES_AGGRESSIVE;
				CLANG_WARN_UNREACHABLE_CODE = YES;
				CLANG_WARN__DUPLICATE_METHOD_MATCH = YES;
				COPY_PHASE_STRIP = NO;
				DEBUG_INFORMATION_FORMAT = "dwarf-with-dsym";
				ENABLE_NS_ASSERTIONS = NO;
				ENABLE_STRICT_OBJC_MSGSEND = YES;
				GCC_C_LANGUAGE_STANDARD = gnu11;
				GCC_NO_COMMON_BLOCKS = YES;
				GCC_WARN_64_TO_32_BIT_CONVERSION = YES;
				GCC_WARN_ABOUT_RETURN_TYPE = YES_ERROR;
				GCC_WARN_UNDECLARED_SELECTOR = YES;
				GCC_WARN_UNINITIALIZED_AUTOS = YES_AGGRESSIVE;
				GCC_WARN_UNUSED_FUNCTION = YES;
				GCC_WARN_UNUSED_VARIABLE = YES;
				IPHONEOS_DEPLOYMENT_TARGET = 15.0;
				MTL_ENABLE_DEBUG_INFO = NO;
				MTL_FAST_MATH = YES;
				SDKROOT = iphoneos;
				SWIFT_COMPILATION_MODE = wholemodule;
				SWIFT_OPTIMIZATION_LEVEL = "-O";
				VALIDATE_PRODUCT = YES;
			};
			name = Release;
		};
		FBBC4E5F28C1F3D20033AB6D /* Debug */ = {
			isa = XCBuildConfiguration;
			buildSettings = {
				ASSETCATALOG_COMPILER_APPICON_NAME = AppIcon;
				ASSETCATALOG_COMPILER_GLOBAL_ACCENT_COLOR_NAME = AccentColor;
				CODE_SIGN_STYLE = Automatic;
				CURRENT_PROJECT_VERSION = 1;
				DEVELOPMENT_TEAM = 5239QLQND2;
				GENERATE_INFOPLIST_FILE = YES;
				INFOPLIST_FILE = iTunesStore/Info.plist;
				INFOPLIST_KEY_UIApplicationSupportsIndirectInputEvents = YES;
				INFOPLIST_KEY_UILaunchStoryboardName = LaunchScreen;
				INFOPLIST_KEY_UIMainStoryboardFile = Main;
				INFOPLIST_KEY_UISupportedInterfaceOrientations_iPad = "UIInterfaceOrientationPortrait UIInterfaceOrientationPortraitUpsideDown UIInterfaceOrientationLandscapeLeft UIInterfaceOrientationLandscapeRight";
				INFOPLIST_KEY_UISupportedInterfaceOrientations_iPhone = "UIInterfaceOrientationPortrait UIInterfaceOrientationLandscapeLeft UIInterfaceOrientationLandscapeRight";
				IPHONEOS_DEPLOYMENT_TARGET = 15.0;
				LD_RUNPATH_SEARCH_PATHS = (
					"$(inherited)",
					"@executable_path/Frameworks",
				);
				MARKETING_VERSION = 1.0;
				PRODUCT_BUNDLE_IDENTIFIER = com.nikitanesporov.bassport.iTunesStore;
				PRODUCT_NAME = "$(TARGET_NAME)";
				SWIFT_EMIT_LOC_STRINGS = YES;
				SWIFT_VERSION = 5.0;
				TARGETED_DEVICE_FAMILY = "1,2";
			};
			name = Debug;
		};
		FBBC4E6028C1F3D20033AB6D /* Release */ = {
			isa = XCBuildConfiguration;
			buildSettings = {
				ASSETCATALOG_COMPILER_APPICON_NAME = AppIcon;
				ASSETCATALOG_COMPILER_GLOBAL_ACCENT_COLOR_NAME = AccentColor;
				CODE_SIGN_STYLE = Automatic;
				CURRENT_PROJECT_VERSION = 1;
				DEVELOPMENT_TEAM = 5239QLQND2;
				GENERATE_INFOPLIST_FILE = YES;
				INFOPLIST_FILE = iTunesStore/Info.plist;
				INFOPLIST_KEY_UIApplicationSupportsIndirectInputEvents = YES;
				INFOPLIST_KEY_UILaunchStoryboardName = LaunchScreen;
				INFOPLIST_KEY_UIMainStoryboardFile = Main;
				INFOPLIST_KEY_UISupportedInterfaceOrientations_iPad = "UIInterfaceOrientationPortrait UIInterfaceOrientationPortraitUpsideDown UIInterfaceOrientationLandscapeLeft UIInterfaceOrientationLandscapeRight";
				INFOPLIST_KEY_UISupportedInterfaceOrientations_iPhone = "UIInterfaceOrientationPortrait UIInterfaceOrientationLandscapeLeft UIInterfaceOrientationLandscapeRight";
				IPHONEOS_DEPLOYMENT_TARGET = 15.0;
				LD_RUNPATH_SEARCH_PATHS = (
					"$(inherited)",
					"@executable_path/Frameworks",
				);
				MARKETING_VERSION = 1.0;
				PRODUCT_BUNDLE_IDENTIFIER = com.nikitanesporov.bassport.iTunesStore;
				PRODUCT_NAME = "$(TARGET_NAME)";
				SWIFT_EMIT_LOC_STRINGS = YES;
				SWIFT_VERSION = 5.0;
				TARGETED_DEVICE_FAMILY = "1,2";
			};
			name = Release;
		};
/* End XCBuildConfiguration section */

/* Begin XCConfigurationList section */
		FBBC4E4528C1F3D10033AB6D /* Build configuration list for PBXProject "iTunesStore" */ = {
			isa = XCConfigurationList;
			buildConfigurations = (
				FBBC4E5C28C1F3D20033AB6D /* Debug */,
				FBBC4E5D28C1F3D20033AB6D /* Release */,
			);
			defaultConfigurationIsVisible = 0;
			defaultConfigurationName = Release;
		};
		FBBC4E5E28C1F3D20033AB6D /* Build configuration list for PBXNativeTarget "iTunesStore" */ = {
			isa = XCConfigurationList;
			buildConfigurations = (
				FBBC4E5F28C1F3D20033AB6D /* Debug */,
				FBBC4E6028C1F3D20033AB6D /* Release */,
			);
			defaultConfigurationIsVisible = 0;
			defaultConfigurationName = Release;
		};
/* End XCConfigurationList section */
	};
	rootObject = FBBC4E4228C1F3D10033AB6D /* Project object */;
}
